// !$*UTF8*$!
{
	archiveVersion = 1;
	classes = {
	};
	objectVersion = 46;
	objects = {

/* Begin PBXBuildFile section */
		057B7DF5186B59F3005E47D4 /* Foundation.framework in Frameworks */ = {isa = PBXBuildFile; fileRef = 057B7DF4186B59F3005E47D4 /* Foundation.framework */; };
		057B7DF7186B59F3005E47D4 /* CoreGraphics.framework in Frameworks */ = {isa = PBXBuildFile; fileRef = 057B7DF6186B59F3005E47D4 /* CoreGraphics.framework */; };
		057B7DF9186B59F3005E47D4 /* UIKit.framework in Frameworks */ = {isa = PBXBuildFile; fileRef = 057B7DF8186B59F3005E47D4 /* UIKit.framework */; };
		057B7DFF186B59F3005E47D4 /* InfoPlist.strings in Resources */ = {isa = PBXBuildFile; fileRef = 057B7DFD186B59F3005E47D4 /* InfoPlist.strings */; };
		057B7E01186B59F3005E47D4 /* main.m in Sources */ = {isa = PBXBuildFile; fileRef = 057B7E00186B59F3005E47D4 /* main.m */; };
		057B7E05186B59F3005E47D4 /* BSTAppDelegate.m in Sources */ = {isa = PBXBuildFile; fileRef = 057B7E04186B59F3005E47D4 /* BSTAppDelegate.m */; };
		057B7E08186B59F3005E47D4 /* Main.storyboard in Resources */ = {isa = PBXBuildFile; fileRef = 057B7E06186B59F3005E47D4 /* Main.storyboard */; };
		057B7E0B186B59F3005E47D4 /* BSTViewController.m in Sources */ = {isa = PBXBuildFile; fileRef = 057B7E0A186B59F3005E47D4 /* BSTViewController.m */; };
		057B7E0D186B59F3005E47D4 /* Images.xcassets in Resources */ = {isa = PBXBuildFile; fileRef = 057B7E0C186B59F3005E47D4 /* Images.xcassets */; };
		057B7E14186B59F3005E47D4 /* XCTest.framework in Frameworks */ = {isa = PBXBuildFile; fileRef = 057B7E13186B59F3005E47D4 /* XCTest.framework */; };
		057B7E15186B59F3005E47D4 /* Foundation.framework in Frameworks */ = {isa = PBXBuildFile; fileRef = 057B7DF4186B59F3005E47D4 /* Foundation.framework */; };
		057B7E16186B59F3005E47D4 /* UIKit.framework in Frameworks */ = {isa = PBXBuildFile; fileRef = 057B7DF8186B59F3005E47D4 /* UIKit.framework */; };
		057B7E1E186B59F3005E47D4 /* InfoPlist.strings in Resources */ = {isa = PBXBuildFile; fileRef = 057B7E1C186B59F3005E47D4 /* InfoPlist.strings */; };
		057B7E20186B59F3005E47D4 /* swapTests.m in Sources */ = {isa = PBXBuildFile; fileRef = 057B7E1F186B59F3005E47D4 /* swapTests.m */; };
/* End PBXBuildFile section */

/* Begin PBXContainerItemProxy section */
		057B7E17186B59F3005E47D4 /* PBXContainerItemProxy */ = {
			isa = PBXContainerItemProxy;
			containerPortal = 057B7DE9186B59F3005E47D4 /* Project object */;
			proxyType = 1;
			remoteGlobalIDString = 057B7DF0186B59F3005E47D4;
			remoteInfo = swap;
		};
/* End PBXContainerItemProxy section */

/* Begin PBXFileReference section */
		057B7DF1186B59F3005E47D4 /* swap.app */ = {isa = PBXFileReference; explicitFileType = wrapper.application; includeInIndex = 0; path = swap.app; sourceTree = BUILT_PRODUCTS_DIR; };
		057B7DF4186B59F3005E47D4 /* Foundation.framework */ = {isa = PBXFileReference; lastKnownFileType = wrapper.framework; name = Foundation.framework; path = System/Library/Frameworks/Foundation.framework; sourceTree = SDKROOT; };
		057B7DF6186B59F3005E47D4 /* CoreGraphics.framework */ = {isa = PBXFileReference; lastKnownFileType = wrapper.framework; name = CoreGraphics.framework; path = System/Library/Frameworks/CoreGraphics.framework; sourceTree = SDKROOT; };
		057B7DF8186B59F3005E47D4 /* UIKit.framework */ = {isa = PBXFileReference; lastKnownFileType = wrapper.framework; name = UIKit.framework; path = System/Library/Frameworks/UIKit.framework; sourceTree = SDKROOT; };
		057B7DFC186B59F3005E47D4 /* swap-Info.plist */ = {isa = PBXFileReference; lastKnownFileType = text.plist.xml; path = "swap-Info.plist"; sourceTree = "<group>"; };
		057B7DFE186B59F3005E47D4 /* en */ = {isa = PBXFileReference; lastKnownFileType = text.plist.strings; name = en; path = en.lproj/InfoPlist.strings; sourceTree = "<group>"; };
		057B7E00186B59F3005E47D4 /* main.m */ = {isa = PBXFileReference; lastKnownFileType = sourcecode.c.objc; path = main.m; sourceTree = "<group>"; };
		057B7E02186B59F3005E47D4 /* swap-Prefix.pch */ = {isa = PBXFileReference; lastKnownFileType = sourcecode.c.h; path = "swap-Prefix.pch"; sourceTree = "<group>"; };
		057B7E03186B59F3005E47D4 /* BSTAppDelegate.h */ = {isa = PBXFileReference; lastKnownFileType = sourcecode.c.h; path = BSTAppDelegate.h; sourceTree = "<group>"; };
		057B7E04186B59F3005E47D4 /* BSTAppDelegate.m */ = {isa = PBXFileReference; lastKnownFileType = sourcecode.c.objc; path = BSTAppDelegate.m; sourceTree = "<group>"; };
		057B7E07186B59F3005E47D4 /* Base */ = {isa = PBXFileReference; lastKnownFileType = file.storyboard; name = Base; path = Base.lproj/Main.storyboard; sourceTree = "<group>"; };
		057B7E09186B59F3005E47D4 /* BSTViewController.h */ = {isa = PBXFileReference; lastKnownFileType = sourcecode.c.h; path = BSTViewController.h; sourceTree = "<group>"; };
		057B7E0A186B59F3005E47D4 /* BSTViewController.m */ = {isa = PBXFileReference; lastKnownFileType = sourcecode.c.objc; path = BSTViewController.m; sourceTree = "<group>"; };
		057B7E0C186B59F3005E47D4 /* Images.xcassets */ = {isa = PBXFileReference; lastKnownFileType = folder.assetcatalog; path = Images.xcassets; sourceTree = "<group>"; };
		057B7E12186B59F3005E47D4 /* swapTests.xctest */ = {isa = PBXFileReference; explicitFileType = wrapper.cfbundle; includeInIndex = 0; path = swapTests.xctest; sourceTree = BUILT_PRODUCTS_DIR; };
		057B7E13186B59F3005E47D4 /* XCTest.framework */ = {isa = PBXFileReference; lastKnownFileType = wrapper.framework; name = XCTest.framework; path = Library/Frameworks/XCTest.framework; sourceTree = DEVELOPER_DIR; };
		057B7E1B186B59F3005E47D4 /* swapTests-Info.plist */ = {isa = PBXFileReference; lastKnownFileType = text.plist.xml; path = "swapTests-Info.plist"; sourceTree = "<group>"; };
		057B7E1D186B59F3005E47D4 /* en */ = {isa = PBXFileReference; lastKnownFileType = text.plist.strings; name = en; path = en.lproj/InfoPlist.strings; sourceTree = "<group>"; };
		057B7E1F186B59F3005E47D4 /* swapTests.m */ = {isa = PBXFileReference; lastKnownFileType = sourcecode.c.objc; path = swapTests.m; sourceTree = "<group>"; };
/* End PBXFileReference section */

/* Begin PBXFrameworksBuildPhase section */
		057B7DEE186B59F3005E47D4 /* Frameworks */ = {
			isa = PBXFrameworksBuildPhase;
			buildActionMask = 2147483647;
			files = (
				057B7DF7186B59F3005E47D4 /* CoreGraphics.framework in Frameworks */,
				057B7DF9186B59F3005E47D4 /* UIKit.framework in Frameworks */,
				057B7DF5186B59F3005E47D4 /* Foundation.framework in Frameworks */,
			);
			runOnlyForDeploymentPostprocessing = 0;
		};
		057B7E0F186B59F3005E47D4 /* Frameworks */ = {
			isa = PBXFrameworksBuildPhase;
			buildActionMask = 2147483647;
			files = (
				057B7E14186B59F3005E47D4 /* XCTest.framework in Frameworks */,
				057B7E16186B59F3005E47D4 /* UIKit.framework in Frameworks */,
				057B7E15186B59F3005E47D4 /* Foundation.framework in Frameworks */,
			);
			runOnlyForDeploymentPostprocessing = 0;
		};
/* End PBXFrameworksBuildPhase section */

/* Begin PBXGroup section */
		057B7DE8186B59F3005E47D4 = {
			isa = PBXGroup;
			children = (
				057B7DFA186B59F3005E47D4 /* swap */,
				057B7E19186B59F3005E47D4 /* swapTests */,
				057B7DF3186B59F3005E47D4 /* Frameworks */,
				057B7DF2186B59F3005E47D4 /* Products */,
			);
			sourceTree = "<group>";
		};
		057B7DF2186B59F3005E47D4 /* Products */ = {
			isa = PBXGroup;
			children = (
				057B7DF1186B59F3005E47D4 /* swap.app */,
				057B7E12186B59F3005E47D4 /* swapTests.xctest */,
			);
			name = Products;
			sourceTree = "<group>";
		};
		057B7DF3186B59F3005E47D4 /* Frameworks */ = {
			isa = PBXGroup;
			children = (
				057B7DF4186B59F3005E47D4 /* Foundation.framework */,
				057B7DF6186B59F3005E47D4 /* CoreGraphics.framework */,
				057B7DF8186B59F3005E47D4 /* UIKit.framework */,
				057B7E13186B59F3005E47D4 /* XCTest.framework */,
			);
			name = Frameworks;
			sourceTree = "<group>";
		};
		057B7DFA186B59F3005E47D4 /* swap */ = {
			isa = PBXGroup;
			children = (
				057B7E03186B59F3005E47D4 /* BSTAppDelegate.h */,
				057B7E04186B59F3005E47D4 /* BSTAppDelegate.m */,
				057B7E06186B59F3005E47D4 /* Main.storyboard */,
				057B7E09186B59F3005E47D4 /* BSTViewController.h */,
				057B7E0A186B59F3005E47D4 /* BSTViewController.m */,
				057B7E0C186B59F3005E47D4 /* Images.xcassets */,
				057B7DFB186B59F3005E47D4 /* Supporting Files */,
			);
			path = swap;
			sourceTree = "<group>";
		};
		057B7DFB186B59F3005E47D4 /* Supporting Files */ = {
			isa = PBXGroup;
			children = (
				057B7DFC186B59F3005E47D4 /* swap-Info.plist */,
				057B7DFD186B59F3005E47D4 /* InfoPlist.strings */,
				057B7E00186B59F3005E47D4 /* main.m */,
				057B7E02186B59F3005E47D4 /* swap-Prefix.pch */,
			);
			name = "Supporting Files";
			sourceTree = "<group>";
		};
		057B7E19186B59F3005E47D4 /* swapTests */ = {
			isa = PBXGroup;
			children = (
				057B7E1F186B59F3005E47D4 /* swapTests.m */,
				057B7E1A186B59F3005E47D4 /* Supporting Files */,
			);
			path = swapTests;
			sourceTree = "<group>";
		};
		057B7E1A186B59F3005E47D4 /* Supporting Files */ = {
			isa = PBXGroup;
			children = (
				057B7E1B186B59F3005E47D4 /* swapTests-Info.plist */,
				057B7E1C186B59F3005E47D4 /* InfoPlist.strings */,
			);
			name = "Supporting Files";
			sourceTree = "<group>";
		};
/* End PBXGroup section */

/* Begin PBXNativeTarget section */
		057B7DF0186B59F3005E47D4 /* swap */ = {
			isa = PBXNativeTarget;
			buildConfigurationList = 057B7E23186B59F3005E47D4 /* Build configuration list for PBXNativeTarget "swap" */;
			buildPhases = (
				057B7DED186B59F3005E47D4 /* Sources */,
				057B7DEE186B59F3005E47D4 /* Frameworks */,
				057B7DEF186B59F3005E47D4 /* Resources */,
			);
			buildRules = (
			);
			dependencies = (
			);
			name = swap;
			productName = swap;
			productReference = 057B7DF1186B59F3005E47D4 /* swap.app */;
			productType = "com.apple.product-type.application";
		};
		057B7E11186B59F3005E47D4 /* swapTests */ = {
			isa = PBXNativeTarget;
			buildConfigurationList = 057B7E26186B59F3005E47D4 /* Build configuration list for PBXNativeTarget "swapTests" */;
			buildPhases = (
				057B7E0E186B59F3005E47D4 /* Sources */,
				057B7E0F186B59F3005E47D4 /* Frameworks */,
				057B7E10186B59F3005E47D4 /* Resources */,
			);
			buildRules = (
			);
			dependencies = (
				057B7E18186B59F3005E47D4 /* PBXTargetDependency */,
			);
			name = swapTests;
			productName = swapTests;
			productReference = 057B7E12186B59F3005E47D4 /* swapTests.xctest */;
			productType = "com.apple.product-type.bundle.unit-test";
		};
/* End PBXNativeTarget section */

/* Begin PBXProject section */
		057B7DE9186B59F3005E47D4 /* Project object */ = {
			isa = PBXProject;
			attributes = {
				CLASSPREFIX = BST;
				LastUpgradeCheck = 0500;
				ORGANIZATIONNAME = "Brown Sound Technologies";
				TargetAttributes = {
					057B7E11186B59F3005E47D4 = {
						TestTargetID = 057B7DF0186B59F3005E47D4;
					};
				};
			};
			buildConfigurationList = 057B7DEC186B59F3005E47D4 /* Build configuration list for PBXProject "swap" */;
			compatibilityVersion = "Xcode 3.2";
			developmentRegion = English;
			hasScannedForEncodings = 0;
			knownRegions = (
				en,
				Base,
			);
			mainGroup = 057B7DE8186B59F3005E47D4;
			productRefGroup = 057B7DF2186B59F3005E47D4 /* Products */;
			projectDirPath = "";
			projectRoot = "";
			targets = (
				057B7DF0186B59F3005E47D4 /* swap */,
				057B7E11186B59F3005E47D4 /* swapTests */,
			);
		};
/* End PBXProject section */

/* Begin PBXResourcesBuildPhase section */
		057B7DEF186B59F3005E47D4 /* Resources */ = {
			isa = PBXResourcesBuildPhase;
			buildActionMask = 2147483647;
			files = (
				057B7E0D186B59F3005E47D4 /* Images.xcassets in Resources */,
				057B7DFF186B59F3005E47D4 /* InfoPlist.strings in Resources */,
				057B7E08186B59F3005E47D4 /* Main.storyboard in Resources */,
			);
			runOnlyForDeploymentPostprocessing = 0;
		};
		057B7E10186B59F3005E47D4 /* Resources */ = {
			isa = PBXResourcesBuildPhase;
			buildActionMask = 2147483647;
			files = (
				057B7E1E186B59F3005E47D4 /* InfoPlist.strings in Resources */,
			);
			runOnlyForDeploymentPostprocessing = 0;
		};
/* End PBXResourcesBuildPhase section */

/* Begin PBXSourcesBuildPhase section */
		057B7DED186B59F3005E47D4 /* Sources */ = {
			isa = PBXSourcesBuildPhase;
			buildActionMask = 2147483647;
			files = (
				057B7E05186B59F3005E47D4 /* BSTAppDelegate.m in Sources */,
				057B7E0B186B59F3005E47D4 /* BSTViewController.m in Sources */,
				057B7E01186B59F3005E47D4 /* main.m in Sources */,
			);
			runOnlyForDeploymentPostprocessing = 0;
		};
		057B7E0E186B59F3005E47D4 /* Sources */ = {
			isa = PBXSourcesBuildPhase;
			buildActionMask = 2147483647;
			files = (
				057B7E20186B59F3005E47D4 /* swapTests.m in Sources */,
			);
			runOnlyForDeploymentPostprocessing = 0;
		};
/* End PBXSourcesBuildPhase section */

/* Begin PBXTargetDependency section */
		057B7E18186B59F3005E47D4 /* PBXTargetDependency */ = {
			isa = PBXTargetDependency;
			target = 057B7DF0186B59F3005E47D4 /* swap */;
			targetProxy = 057B7E17186B59F3005E47D4 /* PBXContainerItemProxy */;
		};
/* End PBXTargetDependency section */

/* Begin PBXVariantGroup section */
		057B7DFD186B59F3005E47D4 /* InfoPlist.strings */ = {
			isa = PBXVariantGroup;
			children = (
				057B7DFE186B59F3005E47D4 /* en */,
			);
			name = InfoPlist.strings;
			sourceTree = "<group>";
		};
		057B7E06186B59F3005E47D4 /* Main.storyboard */ = {
			isa = PBXVariantGroup;
			children = (
				057B7E07186B59F3005E47D4 /* Base */,
			);
			name = Main.storyboard;
			sourceTree = "<group>";
		};
		057B7E1C186B59F3005E47D4 /* InfoPlist.strings */ = {
			isa = PBXVariantGroup;
			children = (
				057B7E1D186B59F3005E47D4 /* en */,
			);
			name = InfoPlist.strings;
			sourceTree = "<group>";
		};
/* End PBXVariantGroup section */

/* Begin XCBuildConfiguration section */
		057B7E21186B59F3005E47D4 /* Debug */ = {
			isa = XCBuildConfiguration;
			buildSettings = {
				ALWAYS_SEARCH_USER_PATHS = NO;
				ARCHS = "$(ARCHS_STANDARD_INCLUDING_64_BIT)";
				CLANG_CXX_LANGUAGE_STANDARD = "gnu++0x";
				CLANG_CXX_LIBRARY = "libc++";
				CLANG_ENABLE_MODULES = YES;
				CLANG_ENABLE_OBJC_ARC = YES;
				CLANG_WARN_BOOL_CONVERSION = YES;
				CLANG_WARN_CONSTANT_CONVERSION = YES;
				CLANG_WARN_DIRECT_OBJC_ISA_USAGE = YES_ERROR;
				CLANG_WARN_EMPTY_BODY = YES;
				CLANG_WARN_ENUM_CONVERSION = YES;
				CLANG_WARN_INT_CONVERSION = YES;
				CLANG_WARN_OBJC_ROOT_CLASS = YES_ERROR;
				CLANG_WARN__DUPLICATE_METHOD_MATCH = YES;
				"CODE_SIGN_IDENTITY[sdk=iphoneos*]" = "iPhone Developer";
				COPY_PHASE_STRIP = NO;
				GCC_C_LANGUAGE_STANDARD = gnu99;
				GCC_DYNAMIC_NO_PIC = NO;
				GCC_OPTIMIZATION_LEVEL = 0;
				GCC_PREPROCESSOR_DEFINITIONS = (
					"DEBUG=1",
					"$(inherited)",
				);
				GCC_SYMBOLS_PRIVATE_EXTERN = NO;
				GCC_WARN_64_TO_32_BIT_CONVERSION = YES;
				GCC_WARN_ABOUT_RETURN_TYPE = YES_ERROR;
				GCC_WARN_UNDECLARED_SELECTOR = YES;
				GCC_WARN_UNINITIALIZED_AUTOS = YES;
				GCC_WARN_UNUSED_FUNCTION = YES;
				GCC_WARN_UNUSED_VARIABLE = YES;
				IPHONEOS_DEPLOYMENT_TARGET = 7.0;
				ONLY_ACTIVE_ARCH = YES;
				SDKROOT = iphoneos;
			};
			name = Debug;
		};
		057B7E22186B59F3005E47D4 /* Release */ = {
			isa = XCBuildConfiguration;
			buildSettings = {
				ALWAYS_SEARCH_USER_PATHS = NO;
				ARCHS = "$(ARCHS_STANDARD_INCLUDING_64_BIT)";
				CLANG_CXX_LANGUAGE_STANDARD = "gnu++0x";
				CLANG_CXX_LIBRARY = "libc++";
				CLANG_ENABLE_MODULES = YES;
				CLANG_ENABLE_OBJC_ARC = YES;
				CLANG_WARN_BOOL_CONVERSION = YES;
				CLANG_WARN_CONSTANT_CONVERSION = YES;
				CLANG_WARN_DIRECT_OBJC_ISA_USAGE = YES_ERROR;
				CLANG_WARN_EMPTY_BODY = YES;
				CLANG_WARN_ENUM_CONVERSION = YES;
				CLANG_WARN_INT_CONVERSION = YES;
				CLANG_WARN_OBJC_ROOT_CLASS = YES_ERROR;
				CLANG_WARN__DUPLICATE_METHOD_MATCH = YES;
				"CODE_SIGN_IDENTITY[sdk=iphoneos*]" = "iPhone Developer";
				COPY_PHASE_STRIP = YES;
				ENABLE_NS_ASSERTIONS = NO;
				GCC_C_LANGUAGE_STANDARD = gnu99;
				GCC_WARN_64_TO_32_BIT_CONVERSION = YES;
				GCC_WARN_ABOUT_RETURN_TYPE = YES_ERROR;
				GCC_WARN_UNDECLARED_SELECTOR = YES;
				GCC_WARN_UNINITIALIZED_AUTOS = YES;
				GCC_WARN_UNUSED_FUNCTION = YES;
				GCC_WARN_UNUSED_VARIABLE = YES;
				IPHONEOS_DEPLOYMENT_TARGET = 7.0;
				SDKROOT = iphoneos;
				VALIDATE_PRODUCT = YES;
			};
			name = Release;
		};
		057B7E24186B59F3005E47D4 /* Debug */ = {
			isa = XCBuildConfiguration;
			buildSettings = {
				ASSETCATALOG_COMPILER_APPICON_NAME = AppIcon;
				ASSETCATALOG_COMPILER_LAUNCHIMAGE_NAME = LaunchImage;
				GCC_PRECOMPILE_PREFIX_HEADER = YES;
				GCC_PREFIX_HEADER = "swap/swap-Prefix.pch";
				INFOPLIST_FILE = "swap/swap-Info.plist";
				PRODUCT_NAME = "$(TARGET_NAME)";
				WRAPPER_EXTENSION = app;
			};
			name = Debug;
		};
		057B7E25186B59F3005E47D4 /* Release */ = {
			isa = XCBuildConfiguration;
			buildSettings = {
				ASSETCATALOG_COMPILER_APPICON_NAME = AppIcon;
				ASSETCATALOG_COMPILER_LAUNCHIMAGE_NAME = LaunchImage;
				GCC_PRECOMPILE_PREFIX_HEADER = YES;
				GCC_PREFIX_HEADER = "swap/swap-Prefix.pch";
				INFOPLIST_FILE = "swap/swap-Info.plist";
				PRODUCT_NAME = "$(TARGET_NAME)";
				WRAPPER_EXTENSION = app;
			};
			name = Release;
		};
		057B7E27186B59F3005E47D4 /* Debug */ = {
			isa = XCBuildConfiguration;
			buildSettings = {
				ARCHS = "$(ARCHS_STANDARD_INCLUDING_64_BIT)";
				BUNDLE_LOADER = "$(BUILT_PRODUCTS_DIR)/swap.app/swap";
				FRAMEWORK_SEARCH_PATHS = (
					"$(SDKROOT)/Developer/Library/Frameworks",
					"$(inherited)",
					"$(DEVELOPER_FRAMEWORKS_DIR)",
				);
				GCC_PRECOMPILE_PREFIX_HEADER = YES;
				GCC_PREFIX_HEADER = "swap/swap-Prefix.pch";
				GCC_PREPROCESSOR_DEFINITIONS = (
					"DEBUG=1",
					"$(inherited)",
				);
				INFOPLIST_FILE = "swapTests/swapTests-Info.plist";
				PRODUCT_NAME = "$(TARGET_NAME)";
				TEST_HOST = "$(BUNDLE_LOADER)";
				WRAPPER_EXTENSION = xctest;
			};
			name = Debug;
		};
		057B7E28186B59F3005E47D4 /* Release */ = {
			isa = XCBuildConfiguration;
			buildSettings = {
				ARCHS = "$(ARCHS_STANDARD_INCLUDING_64_BIT)";
				BUNDLE_LOADER = "$(BUILT_PRODUCTS_DIR)/swap.app/swap";
				FRAMEWORK_SEARCH_PATHS = (
					"$(SDKROOT)/Developer/Library/Frameworks",
					"$(inherited)",
					"$(DEVELOPER_FRAMEWORKS_DIR)",
				);
				GCC_PRECOMPILE_PREFIX_HEADER = YES;
				GCC_PREFIX_HEADER = "swap/swap-Prefix.pch";
				INFOPLIST_FILE = "swapTests/swapTests-Info.plist";
				PRODUCT_NAME = "$(TARGET_NAME)";
				TEST_HOST = "$(BUNDLE_LOADER)";
				WRAPPER_EXTENSION = xctest;
			};
			name = Release;
		};
/* End XCBuildConfiguration section */

/* Begin XCConfigurationList section */
		057B7DEC186B59F3005E47D4 /* Build configuration list for PBXProject "swap" */ = {
			isa = XCConfigurationList;
			buildConfigurations = (
				057B7E21186B59F3005E47D4 /* Debug */,
				057B7E22186B59F3005E47D4 /* Release */,
			);
			defaultConfigurationIsVisible = 0;
			defaultConfigurationName = Release;
		};
		057B7E23186B59F3005E47D4 /* Build configuration list for PBXNativeTarget "swap" */ = {
			isa = XCConfigurationList;
			buildConfigurations = (
				057B7E24186B59F3005E47D4 /* Debug */,
				057B7E25186B59F3005E47D4 /* Release */,
			);
			defaultConfigurationIsVisible = 0;
		};
		057B7E26186B59F3005E47D4 /* Build configuration list for PBXNativeTarget "swapTests" */ = {
			isa = XCConfigurationList;
			buildConfigurations = (
				057B7E27186B59F3005E47D4 /* Debug */,
				057B7E28186B59F3005E47D4 /* Release */,
			);
			defaultConfigurationIsVisible = 0;
		};
/* End XCConfigurationList section */
	};
	rootObject = 057B7DE9186B59F3005E47D4 /* Project object */;
}
