// !$*UTF8*$!
{
	archiveVersion = 1;
	classes = {
	};
	objectVersion = 46;
	objects = {

/* Begin PBXBuildFile section */
		057B7DB4186B4FFA005E47D4 /* Foundation.framework in Frameworks */ = {isa = PBXBuildFile; fileRef = 057B7DB3186B4FFA005E47D4 /* Foundation.framework */; };
		057B7DB6186B4FFA005E47D4 /* CoreGraphics.framework in Frameworks */ = {isa = PBXBuildFile; fileRef = 057B7DB5186B4FFA005E47D4 /* CoreGraphics.framework */; };
		057B7DB8186B4FFA005E47D4 /* UIKit.framework in Frameworks */ = {isa = PBXBuildFile; fileRef = 057B7DB7186B4FFA005E47D4 /* UIKit.framework */; };
		057B7DBE186B4FFA005E47D4 /* InfoPlist.strings in Resources */ = {isa = PBXBuildFile; fileRef = 057B7DBC186B4FFA005E47D4 /* InfoPlist.strings */; };
		057B7DC0186B4FFA005E47D4 /* main.m in Sources */ = {isa = PBXBuildFile; fileRef = 057B7DBF186B4FFA005E47D4 /* main.m */; };
		057B7DC4186B4FFA005E47D4 /* BSTAppDelegate.m in Sources */ = {isa = PBXBuildFile; fileRef = 057B7DC3186B4FFA005E47D4 /* BSTAppDelegate.m */; };
		057B7DC7186B4FFA005E47D4 /* Main.storyboard in Resources */ = {isa = PBXBuildFile; fileRef = 057B7DC5186B4FFA005E47D4 /* Main.storyboard */; };
		057B7DCA186B4FFA005E47D4 /* BSTViewController.m in Sources */ = {isa = PBXBuildFile; fileRef = 057B7DC9186B4FFA005E47D4 /* BSTViewController.m */; };
		057B7DCC186B4FFA005E47D4 /* Images.xcassets in Resources */ = {isa = PBXBuildFile; fileRef = 057B7DCB186B4FFA005E47D4 /* Images.xcassets */; };
		057B7DD3186B4FFA005E47D4 /* XCTest.framework in Frameworks */ = {isa = PBXBuildFile; fileRef = 057B7DD2186B4FFA005E47D4 /* XCTest.framework */; };
		057B7DD4186B4FFA005E47D4 /* Foundation.framework in Frameworks */ = {isa = PBXBuildFile; fileRef = 057B7DB3186B4FFA005E47D4 /* Foundation.framework */; };
		057B7DD5186B4FFA005E47D4 /* UIKit.framework in Frameworks */ = {isa = PBXBuildFile; fileRef = 057B7DB7186B4FFA005E47D4 /* UIKit.framework */; };
		057B7DDD186B4FFA005E47D4 /* InfoPlist.strings in Resources */ = {isa = PBXBuildFile; fileRef = 057B7DDB186B4FFA005E47D4 /* InfoPlist.strings */; };
		057B7DDF186B4FFA005E47D4 /* AutosizeTests.m in Sources */ = {isa = PBXBuildFile; fileRef = 057B7DDE186B4FFA005E47D4 /* AutosizeTests.m */; };
/* End PBXBuildFile section */

/* Begin PBXContainerItemProxy section */
		057B7DD6186B4FFA005E47D4 /* PBXContainerItemProxy */ = {
			isa = PBXContainerItemProxy;
			containerPortal = 057B7DA8186B4FFA005E47D4 /* Project object */;
			proxyType = 1;
			remoteGlobalIDString = 057B7DAF186B4FFA005E47D4;
			remoteInfo = Autosize;
		};
/* End PBXContainerItemProxy section */

/* Begin PBXFileReference section */
		057B7DB0186B4FFA005E47D4 /* Autosize.app */ = {isa = PBXFileReference; explicitFileType = wrapper.application; includeInIndex = 0; path = Autosize.app; sourceTree = BUILT_PRODUCTS_DIR; };
		057B7DB3186B4FFA005E47D4 /* Foundation.framework */ = {isa = PBXFileReference; lastKnownFileType = wrapper.framework; name = Foundation.framework; path = System/Library/Frameworks/Foundation.framework; sourceTree = SDKROOT; };
		057B7DB5186B4FFA005E47D4 /* CoreGraphics.framework */ = {isa = PBXFileReference; lastKnownFileType = wrapper.framework; name = CoreGraphics.framework; path = System/Library/Frameworks/CoreGraphics.framework; sourceTree = SDKROOT; };
		057B7DB7186B4FFA005E47D4 /* UIKit.framework */ = {isa = PBXFileReference; lastKnownFileType = wrapper.framework; name = UIKit.framework; path = System/Library/Frameworks/UIKit.framework; sourceTree = SDKROOT; };
		057B7DBB186B4FFA005E47D4 /* Autosize-Info.plist */ = {isa = PBXFileReference; lastKnownFileType = text.plist.xml; path = "Autosize-Info.plist"; sourceTree = "<group>"; };
		057B7DBD186B4FFA005E47D4 /* en */ = {isa = PBXFileReference; lastKnownFileType = text.plist.strings; name = en; path = en.lproj/InfoPlist.strings; sourceTree = "<group>"; };
		057B7DBF186B4FFA005E47D4 /* main.m */ = {isa = PBXFileReference; lastKnownFileType = sourcecode.c.objc; path = main.m; sourceTree = "<group>"; };
		057B7DC1186B4FFA005E47D4 /* Autosize-Prefix.pch */ = {isa = PBXFileReference; lastKnownFileType = sourcecode.c.h; path = "Autosize-Prefix.pch"; sourceTree = "<group>"; };
		057B7DC2186B4FFA005E47D4 /* BSTAppDelegate.h */ = {isa = PBXFileReference; lastKnownFileType = sourcecode.c.h; path = BSTAppDelegate.h; sourceTree = "<group>"; };
		057B7DC3186B4FFA005E47D4 /* BSTAppDelegate.m */ = {isa = PBXFileReference; lastKnownFileType = sourcecode.c.objc; path = BSTAppDelegate.m; sourceTree = "<group>"; };
		057B7DC6186B4FFA005E47D4 /* Base */ = {isa = PBXFileReference; lastKnownFileType = file.storyboard; name = Base; path = Base.lproj/Main.storyboard; sourceTree = "<group>"; };
		057B7DC8186B4FFA005E47D4 /* BSTViewController.h */ = {isa = PBXFileReference; lastKnownFileType = sourcecode.c.h; path = BSTViewController.h; sourceTree = "<group>"; };
		057B7DC9186B4FFA005E47D4 /* BSTViewController.m */ = {isa = PBXFileReference; lastKnownFileType = sourcecode.c.objc; path = BSTViewController.m; sourceTree = "<group>"; };
		057B7DCB186B4FFA005E47D4 /* Images.xcassets */ = {isa = PBXFileReference; lastKnownFileType = folder.assetcatalog; path = Images.xcassets; sourceTree = "<group>"; };
		057B7DD1186B4FFA005E47D4 /* AutosizeTests.xctest */ = {isa = PBXFileReference; explicitFileType = wrapper.cfbundle; includeInIndex = 0; path = AutosizeTests.xctest; sourceTree = BUILT_PRODUCTS_DIR; };
		057B7DD2186B4FFA005E47D4 /* XCTest.framework */ = {isa = PBXFileReference; lastKnownFileType = wrapper.framework; name = XCTest.framework; path = Library/Frameworks/XCTest.framework; sourceTree = DEVELOPER_DIR; };
		057B7DDA186B4FFA005E47D4 /* AutosizeTests-Info.plist */ = {isa = PBXFileReference; lastKnownFileType = text.plist.xml; path = "AutosizeTests-Info.plist"; sourceTree = "<group>"; };
		057B7DDC186B4FFA005E47D4 /* en */ = {isa = PBXFileReference; lastKnownFileType = text.plist.strings; name = en; path = en.lproj/InfoPlist.strings; sourceTree = "<group>"; };
		057B7DDE186B4FFA005E47D4 /* AutosizeTests.m */ = {isa = PBXFileReference; lastKnownFileType = sourcecode.c.objc; path = AutosizeTests.m; sourceTree = "<group>"; };
/* End PBXFileReference section */

/* Begin PBXFrameworksBuildPhase section */
		057B7DAD186B4FFA005E47D4 /* Frameworks */ = {
			isa = PBXFrameworksBuildPhase;
			buildActionMask = 2147483647;
			files = (
				057B7DB6186B4FFA005E47D4 /* CoreGraphics.framework in Frameworks */,
				057B7DB8186B4FFA005E47D4 /* UIKit.framework in Frameworks */,
				057B7DB4186B4FFA005E47D4 /* Foundation.framework in Frameworks */,
			);
			runOnlyForDeploymentPostprocessing = 0;
		};
		057B7DCE186B4FFA005E47D4 /* Frameworks */ = {
			isa = PBXFrameworksBuildPhase;
			buildActionMask = 2147483647;
			files = (
				057B7DD3186B4FFA005E47D4 /* XCTest.framework in Frameworks */,
				057B7DD5186B4FFA005E47D4 /* UIKit.framework in Frameworks */,
				057B7DD4186B4FFA005E47D4 /* Foundation.framework in Frameworks */,
			);
			runOnlyForDeploymentPostprocessing = 0;
		};
/* End PBXFrameworksBuildPhase section */

/* Begin PBXGroup section */
		057B7DA7186B4FFA005E47D4 = {
			isa = PBXGroup;
			children = (
				057B7DB9186B4FFA005E47D4 /* Autosize */,
				057B7DD8186B4FFA005E47D4 /* AutosizeTests */,
				057B7DB2186B4FFA005E47D4 /* Frameworks */,
				057B7DB1186B4FFA005E47D4 /* Products */,
			);
			sourceTree = "<group>";
		};
		057B7DB1186B4FFA005E47D4 /* Products */ = {
			isa = PBXGroup;
			children = (
				057B7DB0186B4FFA005E47D4 /* Autosize.app */,
				057B7DD1186B4FFA005E47D4 /* AutosizeTests.xctest */,
			);
			name = Products;
			sourceTree = "<group>";
		};
		057B7DB2186B4FFA005E47D4 /* Frameworks */ = {
			isa = PBXGroup;
			children = (
				057B7DB3186B4FFA005E47D4 /* Foundation.framework */,
				057B7DB5186B4FFA005E47D4 /* CoreGraphics.framework */,
				057B7DB7186B4FFA005E47D4 /* UIKit.framework */,
				057B7DD2186B4FFA005E47D4 /* XCTest.framework */,
			);
			name = Frameworks;
			sourceTree = "<group>";
		};
		057B7DB9186B4FFA005E47D4 /* Autosize */ = {
			isa = PBXGroup;
			children = (
				057B7DC2186B4FFA005E47D4 /* BSTAppDelegate.h */,
				057B7DC3186B4FFA005E47D4 /* BSTAppDelegate.m */,
				057B7DC5186B4FFA005E47D4 /* Main.storyboard */,
				057B7DC8186B4FFA005E47D4 /* BSTViewController.h */,
				057B7DC9186B4FFA005E47D4 /* BSTViewController.m */,
				057B7DCB186B4FFA005E47D4 /* Images.xcassets */,
				057B7DBA186B4FFA005E47D4 /* Supporting Files */,
			);
			path = Autosize;
			sourceTree = "<group>";
		};
		057B7DBA186B4FFA005E47D4 /* Supporting Files */ = {
			isa = PBXGroup;
			children = (
				057B7DBB186B4FFA005E47D4 /* Autosize-Info.plist */,
				057B7DBC186B4FFA005E47D4 /* InfoPlist.strings */,
				057B7DBF186B4FFA005E47D4 /* main.m */,
				057B7DC1186B4FFA005E47D4 /* Autosize-Prefix.pch */,
			);
			name = "Supporting Files";
			sourceTree = "<group>";
		};
		057B7DD8186B4FFA005E47D4 /* AutosizeTests */ = {
			isa = PBXGroup;
			children = (
				057B7DDE186B4FFA005E47D4 /* AutosizeTests.m */,
				057B7DD9186B4FFA005E47D4 /* Supporting Files */,
			);
			path = AutosizeTests;
			sourceTree = "<group>";
		};
		057B7DD9186B4FFA005E47D4 /* Supporting Files */ = {
			isa = PBXGroup;
			children = (
				057B7DDA186B4FFA005E47D4 /* AutosizeTests-Info.plist */,
				057B7DDB186B4FFA005E47D4 /* InfoPlist.strings */,
			);
			name = "Supporting Files";
			sourceTree = "<group>";
		};
/* End PBXGroup section */

/* Begin PBXNativeTarget section */
		057B7DAF186B4FFA005E47D4 /* Autosize */ = {
			isa = PBXNativeTarget;
			buildConfigurationList = 057B7DE2186B4FFA005E47D4 /* Build configuration list for PBXNativeTarget "Autosize" */;
			buildPhases = (
				057B7DAC186B4FFA005E47D4 /* Sources */,
				057B7DAD186B4FFA005E47D4 /* Frameworks */,
				057B7DAE186B4FFA005E47D4 /* Resources */,
			);
			buildRules = (
			);
			dependencies = (
			);
			name = Autosize;
			productName = Autosize;
			productReference = 057B7DB0186B4FFA005E47D4 /* Autosize.app */;
			productType = "com.apple.product-type.application";
		};
		057B7DD0186B4FFA005E47D4 /* AutosizeTests */ = {
			isa = PBXNativeTarget;
			buildConfigurationList = 057B7DE5186B4FFA005E47D4 /* Build configuration list for PBXNativeTarget "AutosizeTests" */;
			buildPhases = (
				057B7DCD186B4FFA005E47D4 /* Sources */,
				057B7DCE186B4FFA005E47D4 /* Frameworks */,
				057B7DCF186B4FFA005E47D4 /* Resources */,
			);
			buildRules = (
			);
			dependencies = (
				057B7DD7186B4FFA005E47D4 /* PBXTargetDependency */,
			);
			name = AutosizeTests;
			productName = AutosizeTests;
			productReference = 057B7DD1186B4FFA005E47D4 /* AutosizeTests.xctest */;
			productType = "com.apple.product-type.bundle.unit-test";
		};
/* End PBXNativeTarget section */

/* Begin PBXProject section */
		057B7DA8186B4FFA005E47D4 /* Project object */ = {
			isa = PBXProject;
			attributes = {
				CLASSPREFIX = BST;
				LastUpgradeCheck = 0500;
				ORGANIZATIONNAME = "Brown Sound Technologies";
				TargetAttributes = {
					057B7DD0186B4FFA005E47D4 = {
						TestTargetID = 057B7DAF186B4FFA005E47D4;
					};
				};
			};
			buildConfigurationList = 057B7DAB186B4FFA005E47D4 /* Build configuration list for PBXProject "Autosize" */;
			compatibilityVersion = "Xcode 3.2";
			developmentRegion = English;
			hasScannedForEncodings = 0;
			knownRegions = (
				en,
				Base,
			);
			mainGroup = 057B7DA7186B4FFA005E47D4;
			productRefGroup = 057B7DB1186B4FFA005E47D4 /* Products */;
			projectDirPath = "";
			projectRoot = "";
			targets = (
				057B7DAF186B4FFA005E47D4 /* Autosize */,
				057B7DD0186B4FFA005E47D4 /* AutosizeTests */,
			);
		};
/* End PBXProject section */

/* Begin PBXResourcesBuildPhase section */
		057B7DAE186B4FFA005E47D4 /* Resources */ = {
			isa = PBXResourcesBuildPhase;
			buildActionMask = 2147483647;
			files = (
				057B7DCC186B4FFA005E47D4 /* Images.xcassets in Resources */,
				057B7DBE186B4FFA005E47D4 /* InfoPlist.strings in Resources */,
				057B7DC7186B4FFA005E47D4 /* Main.storyboard in Resources */,
			);
			runOnlyForDeploymentPostprocessing = 0;
		};
		057B7DCF186B4FFA005E47D4 /* Resources */ = {
			isa = PBXResourcesBuildPhase;
			buildActionMask = 2147483647;
			files = (
				057B7DDD186B4FFA005E47D4 /* InfoPlist.strings in Resources */,
			);
			runOnlyForDeploymentPostprocessing = 0;
		};
/* End PBXResourcesBuildPhase section */

/* Begin PBXSourcesBuildPhase section */
		057B7DAC186B4FFA005E47D4 /* Sources */ = {
			isa = PBXSourcesBuildPhase;
			buildActionMask = 2147483647;
			files = (
				057B7DC4186B4FFA005E47D4 /* BSTAppDelegate.m in Sources */,
				057B7DCA186B4FFA005E47D4 /* BSTViewController.m in Sources */,
				057B7DC0186B4FFA005E47D4 /* main.m in Sources */,
			);
			runOnlyForDeploymentPostprocessing = 0;
		};
		057B7DCD186B4FFA005E47D4 /* Sources */ = {
			isa = PBXSourcesBuildPhase;
			buildActionMask = 2147483647;
			files = (
				057B7DDF186B4FFA005E47D4 /* AutosizeTests.m in Sources */,
			);
			runOnlyForDeploymentPostprocessing = 0;
		};
/* End PBXSourcesBuildPhase section */

/* Begin PBXTargetDependency section */
		057B7DD7186B4FFA005E47D4 /* PBXTargetDependency */ = {
			isa = PBXTargetDependency;
			target = 057B7DAF186B4FFA005E47D4 /* Autosize */;
			targetProxy = 057B7DD6186B4FFA005E47D4 /* PBXContainerItemProxy */;
		};
/* End PBXTargetDependency section */

/* Begin PBXVariantGroup section */
		057B7DBC186B4FFA005E47D4 /* InfoPlist.strings */ = {
			isa = PBXVariantGroup;
			children = (
				057B7DBD186B4FFA005E47D4 /* en */,
			);
			name = InfoPlist.strings;
			sourceTree = "<group>";
		};
		057B7DC5186B4FFA005E47D4 /* Main.storyboard */ = {
			isa = PBXVariantGroup;
			children = (
				057B7DC6186B4FFA005E47D4 /* Base */,
			);
			name = Main.storyboard;
			sourceTree = "<group>";
		};
		057B7DDB186B4FFA005E47D4 /* InfoPlist.strings */ = {
			isa = PBXVariantGroup;
			children = (
				057B7DDC186B4FFA005E47D4 /* en */,
			);
			name = InfoPlist.strings;
			sourceTree = "<group>";
		};
/* End PBXVariantGroup section */

/* Begin XCBuildConfiguration section */
		057B7DE0186B4FFA005E47D4 /* Debug */ = {
			isa = XCBuildConfiguration;
			buildSettings = {
				ALWAYS_SEARCH_USER_PATHS = NO;
				ARCHS = "$(ARCHS_STANDARD_INCLUDING_64_BIT)";
				CLANG_CXX_LANGUAGE_STANDARD = "gnu++0x";
				CLANG_CXX_LIBRARY = "libc++";
				CLANG_ENABLE_MODULES = YES;
				CLANG_ENABLE_OBJC_ARC = YES;
				CLANG_WARN_BOOL_CONVERSION = YES;
				CLANG_WARN_CONSTANT_CONVERSION = YES;
				CLANG_WARN_DIRECT_OBJC_ISA_USAGE = YES_ERROR;
				CLANG_WARN_EMPTY_BODY = YES;
				CLANG_WARN_ENUM_CONVERSION = YES;
				CLANG_WARN_INT_CONVERSION = YES;
				CLANG_WARN_OBJC_ROOT_CLASS = YES_ERROR;
				CLANG_WARN__DUPLICATE_METHOD_MATCH = YES;
				"CODE_SIGN_IDENTITY[sdk=iphoneos*]" = "iPhone Developer";
				COPY_PHASE_STRIP = NO;
				GCC_C_LANGUAGE_STANDARD = gnu99;
				GCC_DYNAMIC_NO_PIC = NO;
				GCC_OPTIMIZATION_LEVEL = 0;
				GCC_PREPROCESSOR_DEFINITIONS = (
					"DEBUG=1",
					"$(inherited)",
				);
				GCC_SYMBOLS_PRIVATE_EXTERN = NO;
				GCC_WARN_64_TO_32_BIT_CONVERSION = YES;
				GCC_WARN_ABOUT_RETURN_TYPE = YES_ERROR;
				GCC_WARN_UNDECLARED_SELECTOR = YES;
				GCC_WARN_UNINITIALIZED_AUTOS = YES;
				GCC_WARN_UNUSED_FUNCTION = YES;
				GCC_WARN_UNUSED_VARIABLE = YES;
				IPHONEOS_DEPLOYMENT_TARGET = 7.0;
				ONLY_ACTIVE_ARCH = YES;
				SDKROOT = iphoneos;
			};
			name = Debug;
		};
		057B7DE1186B4FFA005E47D4 /* Release */ = {
			isa = XCBuildConfiguration;
			buildSettings = {
				ALWAYS_SEARCH_USER_PATHS = NO;
				ARCHS = "$(ARCHS_STANDARD_INCLUDING_64_BIT)";
				CLANG_CXX_LANGUAGE_STANDARD = "gnu++0x";
				CLANG_CXX_LIBRARY = "libc++";
				CLANG_ENABLE_MODULES = YES;
				CLANG_ENABLE_OBJC_ARC = YES;
				CLANG_WARN_BOOL_CONVERSION = YES;
				CLANG_WARN_CONSTANT_CONVERSION = YES;
				CLANG_WARN_DIRECT_OBJC_ISA_USAGE = YES_ERROR;
				CLANG_WARN_EMPTY_BODY = YES;
				CLANG_WARN_ENUM_CONVERSION = YES;
				CLANG_WARN_INT_CONVERSION = YES;
				CLANG_WARN_OBJC_ROOT_CLASS = YES_ERROR;
				CLANG_WARN__DUPLICATE_METHOD_MATCH = YES;
				"CODE_SIGN_IDENTITY[sdk=iphoneos*]" = "iPhone Developer";
				COPY_PHASE_STRIP = YES;
				ENABLE_NS_ASSERTIONS = NO;
				GCC_C_LANGUAGE_STANDARD = gnu99;
				GCC_WARN_64_TO_32_BIT_CONVERSION = YES;
				GCC_WARN_ABOUT_RETURN_TYPE = YES_ERROR;
				GCC_WARN_UNDECLARED_SELECTOR = YES;
				GCC_WARN_UNINITIALIZED_AUTOS = YES;
				GCC_WARN_UNUSED_FUNCTION = YES;
				GCC_WARN_UNUSED_VARIABLE = YES;
				IPHONEOS_DEPLOYMENT_TARGET = 7.0;
				SDKROOT = iphoneos;
				VALIDATE_PRODUCT = YES;
			};
			name = Release;
		};
		057B7DE3186B4FFA005E47D4 /* Debug */ = {
			isa = XCBuildConfiguration;
			buildSettings = {
				ASSETCATALOG_COMPILER_APPICON_NAME = AppIcon;
				ASSETCATALOG_COMPILER_LAUNCHIMAGE_NAME = LaunchImage;
				GCC_PRECOMPILE_PREFIX_HEADER = YES;
				GCC_PREFIX_HEADER = "Autosize/Autosize-Prefix.pch";
				INFOPLIST_FILE = "Autosize/Autosize-Info.plist";
				PRODUCT_NAME = "$(TARGET_NAME)";
				WRAPPER_EXTENSION = app;
			};
			name = Debug;
		};
		057B7DE4186B4FFA005E47D4 /* Release */ = {
			isa = XCBuildConfiguration;
			buildSettings = {
				ASSETCATALOG_COMPILER_APPICON_NAME = AppIcon;
				ASSETCATALOG_COMPILER_LAUNCHIMAGE_NAME = LaunchImage;
				GCC_PRECOMPILE_PREFIX_HEADER = YES;
				GCC_PREFIX_HEADER = "Autosize/Autosize-Prefix.pch";
				INFOPLIST_FILE = "Autosize/Autosize-Info.plist";
				PRODUCT_NAME = "$(TARGET_NAME)";
				WRAPPER_EXTENSION = app;
			};
			name = Release;
		};
		057B7DE6186B4FFA005E47D4 /* Debug */ = {
			isa = XCBuildConfiguration;
			buildSettings = {
				ARCHS = "$(ARCHS_STANDARD_INCLUDING_64_BIT)";
				BUNDLE_LOADER = "$(BUILT_PRODUCTS_DIR)/Autosize.app/Autosize";
				FRAMEWORK_SEARCH_PATHS = (
					"$(SDKROOT)/Developer/Library/Frameworks",
					"$(inherited)",
					"$(DEVELOPER_FRAMEWORKS_DIR)",
				);
				GCC_PRECOMPILE_PREFIX_HEADER = YES;
				GCC_PREFIX_HEADER = "Autosize/Autosize-Prefix.pch";
				GCC_PREPROCESSOR_DEFINITIONS = (
					"DEBUG=1",
					"$(inherited)",
				);
				INFOPLIST_FILE = "AutosizeTests/AutosizeTests-Info.plist";
				PRODUCT_NAME = "$(TARGET_NAME)";
				TEST_HOST = "$(BUNDLE_LOADER)";
				WRAPPER_EXTENSION = xctest;
			};
			name = Debug;
		};
		057B7DE7186B4FFA005E47D4 /* Release */ = {
			isa = XCBuildConfiguration;
			buildSettings = {
				ARCHS = "$(ARCHS_STANDARD_INCLUDING_64_BIT)";
				BUNDLE_LOADER = "$(BUILT_PRODUCTS_DIR)/Autosize.app/Autosize";
				FRAMEWORK_SEARCH_PATHS = (
					"$(SDKROOT)/Developer/Library/Frameworks",
					"$(inherited)",
					"$(DEVELOPER_FRAMEWORKS_DIR)",
				);
				GCC_PRECOMPILE_PREFIX_HEADER = YES;
				GCC_PREFIX_HEADER = "Autosize/Autosize-Prefix.pch";
				INFOPLIST_FILE = "AutosizeTests/AutosizeTests-Info.plist";
				PRODUCT_NAME = "$(TARGET_NAME)";
				TEST_HOST = "$(BUNDLE_LOADER)";
				WRAPPER_EXTENSION = xctest;
			};
			name = Release;
		};
/* End XCBuildConfiguration section */

/* Begin XCConfigurationList section */
		057B7DAB186B4FFA005E47D4 /* Build configuration list for PBXProject "Autosize" */ = {
			isa = XCConfigurationList;
			buildConfigurations = (
				057B7DE0186B4FFA005E47D4 /* Debug */,
				057B7DE1186B4FFA005E47D4 /* Release */,
			);
			defaultConfigurationIsVisible = 0;
			defaultConfigurationName = Release;
		};
		057B7DE2186B4FFA005E47D4 /* Build configuration list for PBXNativeTarget "Autosize" */ = {
			isa = XCConfigurationList;
			buildConfigurations = (
				057B7DE3186B4FFA005E47D4 /* Debug */,
				057B7DE4186B4FFA005E47D4 /* Release */,
			);
			defaultConfigurationIsVisible = 0;
		};
		057B7DE5186B4FFA005E47D4 /* Build configuration list for PBXNativeTarget "AutosizeTests" */ = {
			isa = XCConfigurationList;
			buildConfigurations = (
				057B7DE6186B4FFA005E47D4 /* Debug */,
				057B7DE7186B4FFA005E47D4 /* Release */,
			);
			defaultConfigurationIsVisible = 0;
		};
/* End XCConfigurationList section */
	};
	rootObject = 057B7DA8186B4FFA005E47D4 /* Project object */;
}
